
Microsoft Visual Studio Solution File, Format Version 12.00
Project("{FAE04EC0-301F-11D3-BF4B-00C04F79EFBC}") = "Chip8Emulator.Core", "Chip8Emulator.Core\Chip8Emulator.Core.csproj", "{5FEB69A4-6A63-42C8-997F-A6904BC74922}"
EndProject
Project("{FAE04EC0-301F-11D3-BF4B-00C04F79EFBC}") = "Chip8Emulator.Core.Tests", "Chip8Emulator.Core.Tests\Chip8Emulator.Core.Tests.csproj", "{0FC851A3-76F8-42CD-9717-C02A019AFC40}"
EndProject
Project("{FAE04EC0-301F-11D3-BF4B-00C04F79EFBC}") = "Chip8Emulator.App", "Chip8Emulator.App\Chip8Emulator.App.csproj", "{9CF59EE1-A947-475F-82DC-0EA02F5B8F24}"
EndProject
Project("{FAE04EC0-301F-11D3-BF4B-00C04F79EFBC}") = "Chip8Emulator.App.Cli", "Chip8Emulator.App.Cli\Chip8Emulator.App.Cli.csproj", "{0E363514-D41F-4455-9B02-B89017783E5E}"
EndProject
Project("{FAE04EC0-301F-11D3-BF4B-00C04F79EFBC}") = "Chip8Emulator.App.OpenGL", "Chip8Emulator.App.OpenGL\Chip8Emulator.App.OpenGL.csproj", "{18719A91-3D25-4799-A623-E5C87E80EBA4}"
EndProject
Project("{FAE04EC0-301F-11D3-BF4B-00C04F79EFBC}") = "Chip8Emulator.App.Wasm", "Chip8Emulator.App.Wasm\Chip8Emulator.App.Wasm.csproj", "{14012B58-F91B-484A-B97F-281182EB60B3}"
EndProject
Global
	GlobalSection(SolutionConfigurationPlatforms) = preSolution
		Debug|Any CPU = Debug|Any CPU
		Debug|x64 = Debug|x64
		Debug|x86 = Debug|x86
		Release|Any CPU = Release|Any CPU
		Release|x64 = Release|x64
		Release|x86 = Release|x86
	EndGlobalSection
	GlobalSection(ProjectConfigurationPlatforms) = postSolution
		{5FEB69A4-6A63-42C8-997F-A6904BC74922}.Debug|Any CPU.ActiveCfg = Debug|Any CPU
		{5FEB69A4-6A63-42C8-997F-A6904BC74922}.Debug|Any CPU.Build.0 = Debug|Any CPU
		{5FEB69A4-6A63-42C8-997F-A6904BC74922}.Debug|x64.ActiveCfg = Debug|Any CPU
		{5FEB69A4-6A63-42C8-997F-A6904BC74922}.Debug|x64.Build.0 = Debug|Any CPU
		{5FEB69A4-6A63-42C8-997F-A6904BC74922}.Debug|x86.ActiveCfg = Debug|Any CPU
		{5FEB69A4-6A63-42C8-997F-A6904BC74922}.Debug|x86.Build.0 = Debug|Any CPU
		{5FEB69A4-6A63-42C8-997F-A6904BC74922}.Release|Any CPU.ActiveCfg = Release|Any CPU
		{5FEB69A4-6A63-42C8-997F-A6904BC74922}.Release|Any CPU.Build.0 = Release|Any CPU
		{5FEB69A4-6A63-42C8-997F-A6904BC74922}.Release|x64.ActiveCfg = Release|Any CPU
		{5FEB69A4-6A63-42C8-997F-A6904BC74922}.Release|x64.Build.0 = Release|Any CPU
		{5FEB69A4-6A63-42C8-997F-A6904BC74922}.Release|x86.ActiveCfg = Release|Any CPU
		{5FEB69A4-6A63-42C8-997F-A6904BC74922}.Release|x86.Build.0 = Release|Any CPU
		{0FC851A3-76F8-42CD-9717-C02A019AFC40}.Debug|Any CPU.ActiveCfg = Debug|Any CPU
		{0FC851A3-76F8-42CD-9717-C02A019AFC40}.Debug|Any CPU.Build.0 = Debug|Any CPU
		{0FC851A3-76F8-42CD-9717-C02A019AFC40}.Debug|x64.ActiveCfg = Debug|Any CPU
		{0FC851A3-76F8-42CD-9717-C02A019AFC40}.Debug|x64.Build.0 = Debug|Any CPU
		{0FC851A3-76F8-42CD-9717-C02A019AFC40}.Debug|x86.ActiveCfg = Debug|Any CPU
		{0FC851A3-76F8-42CD-9717-C02A019AFC40}.Debug|x86.Build.0 = Debug|Any CPU
		{0FC851A3-76F8-42CD-9717-C02A019AFC40}.Release|Any CPU.ActiveCfg = Release|Any CPU
		{0FC851A3-76F8-42CD-9717-C02A019AFC40}.Release|Any CPU.Build.0 = Release|Any CPU
		{0FC851A3-76F8-42CD-9717-C02A019AFC40}.Release|x64.ActiveCfg = Release|Any CPU
		{0FC851A3-76F8-42CD-9717-C02A019AFC40}.Release|x64.Build.0 = Release|Any CPU
		{0FC851A3-76F8-42CD-9717-C02A019AFC40}.Release|x86.ActiveCfg = Release|Any CPU
		{0FC851A3-76F8-42CD-9717-C02A019AFC40}.Release|x86.Build.0 = Release|Any CPU
		{9CF59EE1-A947-475F-82DC-0EA02F5B8F24}.Debug|Any CPU.ActiveCfg = Debug|Any CPU
		{9CF59EE1-A947-475F-82DC-0EA02F5B8F24}.Debug|Any CPU.Build.0 = Debug|Any CPU
		{9CF59EE1-A947-475F-82DC-0EA02F5B8F24}.Debug|x64.ActiveCfg = Debug|Any CPU
		{9CF59EE1-A947-475F-82DC-0EA02F5B8F24}.Debug|x64.Build.0 = Debug|Any CPU
		{9CF59EE1-A947-475F-82DC-0EA02F5B8F24}.Debug|x86.ActiveCfg = Debug|Any CPU
		{9CF59EE1-A947-475F-82DC-0EA02F5B8F24}.Debug|x86.Build.0 = Debug|Any CPU
		{9CF59EE1-A947-475F-82DC-0EA02F5B8F24}.Release|Any CPU.ActiveCfg = Release|Any CPU
		{9CF59EE1-A947-475F-82DC-0EA02F5B8F24}.Release|Any CPU.Build.0 = Release|Any CPU
		{9CF59EE1-A947-475F-82DC-0EA02F5B8F24}.Release|x64.ActiveCfg = Release|Any CPU
		{9CF59EE1-A947-475F-82DC-0EA02F5B8F24}.Release|x64.Build.0 = Release|Any CPU
		{9CF59EE1-A947-475F-82DC-0EA02F5B8F24}.Release|x86.ActiveCfg = Release|Any CPU
		{9CF59EE1-A947-475F-82DC-0EA02F5B8F24}.Release|x86.Build.0 = Release|Any CPU
		{0E363514-D41F-4455-9B02-B89017783E5E}.Debug|Any CPU.ActiveCfg = Debug|Any CPU
		{0E363514-D41F-4455-9B02-B89017783E5E}.Debug|Any CPU.Build.0 = Debug|Any CPU
		{0E363514-D41F-4455-9B02-B89017783E5E}.Debug|x64.ActiveCfg = Debug|Any CPU
		{0E363514-D41F-4455-9B02-B89017783E5E}.Debug|x64.Build.0 = Debug|Any CPU
		{0E363514-D41F-4455-9B02-B89017783E5E}.Debug|x86.ActiveCfg = Debug|Any CPU
		{0E363514-D41F-4455-9B02-B89017783E5E}.Debug|x86.Build.0 = Debug|Any CPU
		{0E363514-D41F-4455-9B02-B89017783E5E}.Release|Any CPU.ActiveCfg = Release|Any CPU
		{0E363514-D41F-4455-9B02-B89017783E5E}.Release|Any CPU.Build.0 = Release|Any CPU
		{0E363514-D41F-4455-9B02-B89017783E5E}.Release|x64.ActiveCfg = Release|Any CPU
		{0E363514-D41F-4455-9B02-B89017783E5E}.Release|x64.Build.0 = Release|Any CPU
		{0E363514-D41F-4455-9B02-B89017783E5E}.Release|x86.ActiveCfg = Release|Any CPU
		{0E363514-D41F-4455-9B02-B89017783E5E}.Release|x86.Build.0 = Release|Any CPU
		{18719A91-3D25-4799-A623-E5C87E80EBA4}.Debug|Any CPU.ActiveCfg = Debug|Any CPU
		{18719A91-3D25-4799-A623-E5C87E80EBA4}.Debug|Any CPU.Build.0 = Debug|Any CPU
		{18719A91-3D25-4799-A623-E5C87E80EBA4}.Debug|x64.ActiveCfg = Debug|Any CPU
		{18719A91-3D25-4799-A623-E5C87E80EBA4}.Debug|x64.Build.0 = Debug|Any CPU
		{18719A91-3D25-4799-A623-E5C87E80EBA4}.Debug|x86.ActiveCfg = Debug|Any CPU
		{18719A91-3D25-4799-A623-E5C87E80EBA4}.Debug|x86.Build.0 = Debug|Any CPU
		{18719A91-3D25-4799-A623-E5C87E80EBA4}.Release|Any CPU.ActiveCfg = Release|Any CPU
		{18719A91-3D25-4799-A623-E5C87E80EBA4}.Release|Any CPU.Build.0 = Release|Any CPU
		{18719A91-3D25-4799-A623-E5C87E80EBA4}.Release|x64.ActiveCfg = Release|Any CPU
		{18719A91-3D25-4799-A623-E5C87E80EBA4}.Release|x64.Build.0 = Release|Any CPU
		{18719A91-3D25-4799-A623-E5C87E80EBA4}.Release|x86.ActiveCfg = Release|Any CPU
		{18719A91-3D25-4799-A623-E5C87E80EBA4}.Release|x86.Build.0 = Release|Any CPU
		{14012B58-F91B-484A-B97F-281182EB60B3}.Debug|Any CPU.ActiveCfg = Debug|Any CPU
		{14012B58-F91B-484A-B97F-281182EB60B3}.Debug|Any CPU.Build.0 = Debug|Any CPU
		{14012B58-F91B-484A-B97F-281182EB60B3}.Debug|x64.ActiveCfg = Debug|Any CPU
		{14012B58-F91B-484A-B97F-281182EB60B3}.Debug|x64.Build.0 = Debug|Any CPU
		{14012B58-F91B-484A-B97F-281182EB60B3}.Debug|x86.ActiveCfg = Debug|Any CPU
		{14012B58-F91B-484A-B97F-281182EB60B3}.Debug|x86.Build.0 = Debug|Any CPU
		{14012B58-F91B-484A-B97F-281182EB60B3}.Release|Any CPU.ActiveCfg = Release|Any CPU
		{14012B58-F91B-484A-B97F-281182EB60B3}.Release|Any CPU.Build.0 = Release|Any CPU
		{14012B58-F91B-484A-B97F-281182EB60B3}.Release|x64.ActiveCfg = Release|Any CPU
		{14012B58-F91B-484A-B97F-281182EB60B3}.Release|x64.Build.0 = Release|Any CPU
		{14012B58-F91B-484A-B97F-281182EB60B3}.Release|x86.ActiveCfg = Release|Any CPU
		{14012B58-F91B-484A-B97F-281182EB60B3}.Release|x86.Build.0 = Release|Any CPU
	EndGlobalSection
	GlobalSection(SolutionProperties) = preSolution
		HideSolutionNode = FALSE
	EndGlobalSection
EndGlobal
